<?xml version="1.0" encoding="utf-8"?>
<Project ToolsVersion="4.0" xmlns="http://schemas.microsoft.com/developer/msbuild/2003">
  <ItemGroup>
    <Filter Include="Fichiers sources">
      <UniqueIdentifier>{4FC737F1-C7A5-4376-A066-2A32D752A2FF}</UniqueIdentifier>
      <Extensions>cpp;c;cc;cxx;def;odl;idl;hpj;bat;asm;asmx</Extensions>
    </Filter>
    <Filter Include="Fichiers d%27en-tête">
      <UniqueIdentifier>{93995380-89BD-4b04-88EB-625FBE52EBFB}</UniqueIdentifier>
      <Extensions>h;hh;hpp;hxx;hm;inl;inc;ipp;xsd</Extensions>
    </Filter>
    <Filter Include="Fichiers de ressources">
      <UniqueIdentifier>{67DA6AB6-F800-4c08-8B7A-83BB121AAD01}</UniqueIdentifier>
      <Extensions>rc;ico;cur;bmp;dlg;rc2;rct;bin;rgs;gif;jpg;jpeg;jpe;resx;tiff;tif;png;wav;mfcribbon-ms</Extensions>
    </Filter>
  </ItemGroup>
  <ItemGroup>
    <None Include="NOTICE.README" />
    <None Include="1ManifestSLEUTH-3r" />
    <None Include="1NOTICE.README" />
    <None Include="scan" />
    <None Include="Makefile" />
    <None Include="Makefile.gcc2" />
    <None Include="Makefile.gcc" />
    <None Include="Makefile.mpi.s2" />
    <None Include="xlist" />
    <None Include="xlist_functions" />
    <None Include="Makefile.mpich2" />
    <None Include="Makefile.inc">
      <Filter>Fichiers d%27en-tête</Filter>
    </None>
  </ItemGroup>
  <ItemGroup>
    <ClCompile Include="wgrid_obj.c">
      <Filter>Fichiers sources</Filter>
    </ClCompile>
    <ClCompile Include="stats_obj.c">
      <Filter>Fichiers sources</Filter>
    </ClCompile>
    <ClCompile Include="spread.c">
      <Filter>Fichiers sources</Filter>
    </ClCompile>
    <ClCompile Include="memory_obj.c">
      <Filter>Fichiers sources</Filter>
    </ClCompile>
    <ClCompile Include="igrid_obj.c">
      <Filter>Fichiers sources</Filter>
    </ClCompile>
    <ClCompile Include="growth.c">
      <Filter>Fichiers sources</Filter>
    </ClCompile>
    <ClCompile Include="driver.c">
      <Filter>Fichiers sources</Filter>
    </ClCompile>
    <ClCompile Include="main.c">
      <Filter>Fichiers sources</Filter>
    </ClCompile>
    <ClCompile Include="scenario_obj.c">
      <Filter>Fichiers sources</Filter>
    </ClCompile>
    <ClCompile Include="coeff_obj.c">
      <Filter>Fichiers sources</Filter>
    </ClCompile>
    <ClCompile Include="random.c">
      <Filter>Fichiers sources</Filter>
    </ClCompile>
    <ClCompile Include="output.c">
      <Filter>Fichiers sources</Filter>
    </ClCompile>
    <ClCompile Include="color_obj.c">
      <Filter>Fichiers sources</Filter>
    </ClCompile>
    <ClCompile Include="gdif_obj.c">
      <Filter>Fichiers sources</Filter>
    </ClCompile>
    <ClCompile Include="grid_obj.c">
      <Filter>Fichiers sources</Filter>
    </ClCompile>
    <ClCompile Include="input.c">
      <Filter>Fichiers sources</Filter>
    </ClCompile>
    <ClCompile Include="pgrid_obj.c">
      <Filter>Fichiers sources</Filter>
    </ClCompile>
    <ClCompile Include="utilities.c">
      <Filter>Fichiers sources</Filter>
    </ClCompile>
    <ClCompile Include="deltatron.c">
      <Filter>Fichiers sources</Filter>
    </ClCompile>
    <ClCompile Include="landclass_obj.c">
      <Filter>Fichiers sources</Filter>
    </ClCompile>
    <ClCompile Include="proc_obj.c">
      <Filter>Fichiers sources</Filter>
    </ClCompile>
    <ClCompile Include="transition_obj.c">
      <Filter>Fichiers sources</Filter>
    </ClCompile>
    <ClCompile Include="timer_obj.c">
      <Filter>Fichiers sources</Filter>
    </ClCompile>
  </ItemGroup>
  <ItemGroup>
    <ClInclude Include="ugm_defines.h">
      <Filter>Fichiers d%27en-tête</Filter>
    </ClInclude>
    <ClInclude Include="spread.h">
      <Filter>Fichiers d%27en-tête</Filter>
    </ClInclude>
    <ClInclude Include="memory_obj.h">
      <Filter>Fichiers d%27en-tête</Filter>
    </ClInclude>
    <ClInclude Include="igrid_obj.h">
      <Filter>Fichiers d%27en-tête</Filter>
    </ClInclude>
    <ClInclude Include="color_obj.h">
      <Filter>Fichiers d%27en-tête</Filter>
    </ClInclude>
    <ClInclude Include="driver.h">
      <Filter>Fichiers d%27en-tête</Filter>
    </ClInclude>
    <ClInclude Include="globals.h">
      <Filter>Fichiers d%27en-tête</Filter>
    </ClInclude>
    <ClInclude Include="input.h">
      <Filter>Fichiers d%27en-tête</Filter>
    </ClInclude>
    <ClInclude Include="ugm_macros.h">
      <Filter>Fichiers d%27en-tête</Filter>
    </ClInclude>
    <ClInclude Include="ugm_typedefs.h">
      <Filter>Fichiers d%27en-tête</Filter>
    </ClInclude>
    <ClInclude Include="gdif_obj.h">
      <Filter>Fichiers d%27en-tête</Filter>
    </ClInclude>
    <ClInclude Include="grid_obj.h">
      <Filter>Fichiers d%27en-tête</Filter>
    </ClInclude>
    <ClInclude Include="pgrid_obj.h">
      <Filter>Fichiers d%27en-tête</Filter>
    </ClInclude>
    <ClInclude Include="scenario_obj.h">
      <Filter>Fichiers d%27en-tête</Filter>
    </ClInclude>
    <ClInclude Include="wgrid_obj.h">
      <Filter>Fichiers d%27en-tête</Filter>
    </ClInclude>
    <ClInclude Include="coeff_obj.h">
      <Filter>Fichiers d%27en-tête</Filter>
    </ClInclude>
    <ClInclude Include="deltatron.h">
      <Filter>Fichiers d%27en-tête</Filter>
    </ClInclude>
    <ClInclude Include="growth.h">
      <Filter>Fichiers d%27en-tête</Filter>
    </ClInclude>
    <ClInclude Include="landclass_obj.h">
      <Filter>Fichiers d%27en-tête</Filter>
    </ClInclude>
    <ClInclude Include="output.h">
      <Filter>Fichiers d%27en-tête</Filter>
    </ClInclude>
    <ClInclude Include="proc_obj.h">
      <Filter>Fichiers d%27en-tête</Filter>
    </ClInclude>
    <ClInclude Include="random.h">
      <Filter>Fichiers d%27en-tête</Filter>
    </ClInclude>
    <ClInclude Include="timer_obj.h">
      <Filter>Fichiers d%27en-tête</Filter>
    </ClInclude>
    <ClInclude Include="transition_obj.h">
      <Filter>Fichiers d%27en-tête</Filter>
    </ClInclude>
    <ClInclude Include="utilities.h">
      <Filter>Fichiers d%27en-tête</Filter>
    </ClInclude>
    <ClInclude Include="stats_obj.h">
      <Filter>Fichiers d%27en-tête</Filter>
    </ClInclude>
  </ItemGroup>
</Project>